
Microsoft Visual Studio Solution File, Format Version 12.00
# Visual Studio Version 16
VisualStudioVersion = 16.0.31624.102
MinimumVisualStudioVersion = 10.0.40219.1
Project("{FAE04EC0-301F-11D3-BF4B-00C04F79EFBC}") = "Multi-PoP Splits Generator", "Multi-PoP Splits Generator\Multi-PoP Splits Generator.csproj", "{CC8BB5F5-B9FC-49BE-ACDE-1099E555A715}"
EndProject
Global
	GlobalSection(SolutionConfigurationPlatforms) = preSolution
		Debug|Any CPU = Debug|Any CPU
		Release|Any CPU = Release|Any CPU
	EndGlobalSection
	GlobalSection(ProjectConfigurationPlatforms) = postSolution
		{CC8BB5F5-B9FC-49BE-ACDE-1099E555A715}.Debug|Any CPU.ActiveCfg = Debug|Any CPU
		{CC8BB5F5-B9FC-49BE-ACDE-1099E555A715}.Debug|Any CPU.Build.0 = Debug|Any CPU
		{CC8BB5F5-B9FC-49BE-ACDE-1099E555A715}.Release|Any CPU.ActiveCfg = Release|Any CPU
		{CC8BB5F5-B9FC-49BE-ACDE-1099E555A715}.Release|Any CPU.Build.0 = Release|Any CPU
	EndGlobalSection
	GlobalSection(SolutionProperties) = preSolution
		HideSolutionNode = FALSE
	EndGlobalSection
	GlobalSection(ExtensibilityGlobals) = postSolution
		SolutionGuid = {C60CD168-3561-4832-AFBE-BA29A5041B44}
	EndGlobalSection
EndGlobal
